<?xml version="1.0" encoding="utf-8"?>
<Project ToolsVersion="4.0" xmlns="http://schemas.microsoft.com/developer/msbuild/2003">
  <ItemGroup>
    <Filter Include="Source Files">
      <UniqueIdentifier>{4FC737F1-C7A5-4376-A066-2A32D752A2FF}</UniqueIdentifier>
      <Extensions>cpp;c;cc;cxx;c++;cppm;ixx;def;odl;idl;hpj;bat;asm;asmx</Extensions>
    </Filter>
    <Filter Include="Header Files">
      <UniqueIdentifier>{93995380-89BD-4b04-88EB-625FBE52EBFB}</UniqueIdentifier>
      <Extensions>h;hh;hpp;hxx;h++;hm;inl;inc;ipp;xsd</Extensions>
    </Filter>
    <Filter Include="Resource Files">
      <UniqueIdentifier>{67DA6AB6-F800-4c08-8B7A-83BB121AAD01}</UniqueIdentifier>
      <Extensions>rc;ico;cur;bmp;dlg;rc2;rct;bin;rgs;gif;jpg;jpeg;jpe;resx;tiff;tif;png;wav;mfcribbon-ms</Extensions>
    </Filter>
    <Filter Include="Header Files\imgui">
      <UniqueIdentifier>{d75f7aef-e92e-4edd-992e-5b42b7f7aad9}</UniqueIdentifier>
    </Filter>
    <Filter Include="Source Files\imgui">
      <UniqueIdentifier>{a1e5943a-1e70-4a89-8edf-c150d3cb3a20}</UniqueIdentifier>
    </Filter>
    <Filter Include="Components">
      <UniqueIdentifier>{c12d3503-6429-44e3-8732-d1b99e99b710}</UniqueIdentifier>
    </Filter>
  </ItemGroup>
  <ItemGroup>
    <ClCompile Include="Main.cpp">
      <Filter>Source Files</Filter>
    </ClCompile>
    <ClCompile Include="tigl.cpp">
      <Filter>Source Files</Filter>
    </ClCompile>
    <ClCompile Include="..\..\..\..\..\OpenGL\lib\imgui\imgui.cpp">
      <Filter>Source Files\imgui</Filter>
    </ClCompile>
    <ClCompile Include="..\..\..\..\..\OpenGL\lib\imgui\imgui_demo.cpp">
      <Filter>Source Files\imgui</Filter>
    </ClCompile>
    <ClCompile Include="..\..\..\..\..\OpenGL\lib\imgui\imgui_draw.cpp">
      <Filter>Source Files\imgui</Filter>
    </ClCompile>
    <ClCompile Include="..\..\..\..\..\OpenGL\lib\imgui\imgui_widgets.cpp">
      <Filter>Source Files\imgui</Filter>
    </ClCompile>
    <ClCompile Include="..\..\..\..\..\OpenGL\lib\imgui\examples\imgui_impl_glfw.cpp">
      <Filter>Source Files\imgui</Filter>
    </ClCompile>
    <ClCompile Include="..\..\..\..\..\OpenGL\lib\imgui\examples\imgui_impl_opengl3.cpp">
      <Filter>Source Files\imgui</Filter>
    </ClCompile>
    <ClCompile Include="CameraController.cpp">
      <Filter>Source Files</Filter>
    </ClCompile>
    <ClCompile Include="Component.cpp">
      <Filter>Components</Filter>
    </ClCompile>
    <ClCompile Include="Object.cpp">
      <Filter>Source Files</Filter>
    </ClCompile>
    <ClCompile Include="DrawComponent.cpp">
      <Filter>Components</Filter>
    </ClCompile>
    <ClCompile Include="OceanComponent.cpp">
      <Filter>Components</Filter>
    </ClCompile>
    <ClCompile Include="CubeComponent.cpp">
      <Filter>Components</Filter>
    </ClCompile>
    <ClCompile Include="PhysicsComponent.cpp">
      <Filter>Components</Filter>
    </ClCompile>
    <ClCompile Include="ModelComponent.cpp">
      <Filter>Components</Filter>
    </ClCompile>
    <ClCompile Include="Texture.cpp">
      <Filter>Source Files</Filter>
    </ClCompile>
    <ClCompile Include="TextureCache.cpp">
      <Filter>Source Files</Filter>
    </ClCompile>
    <ClCompile Include="MovementComponent.cpp">
      <Filter>Components</Filter>
    </ClCompile>
  </ItemGroup>
  <ItemGroup>
    <ClInclude Include="tigl.h">
      <Filter>Header Files</Filter>
    </ClInclude>
    <ClInclude Include="..\..\..\..\..\OpenGL\lib\imgui\imconfig.h">
      <Filter>Header Files\imgui</Filter>
    </ClInclude>
    <ClInclude Include="..\..\..\..\..\OpenGL\lib\imgui\imgui.h">
      <Filter>Header Files\imgui</Filter>
    </ClInclude>
    <ClInclude Include="..\..\..\..\..\OpenGL\lib\imgui\imgui_internal.h">
      <Filter>Header Files\imgui</Filter>
    </ClInclude>
    <ClInclude Include="..\..\..\..\..\OpenGL\lib\imgui\imstb_rectpack.h">
      <Filter>Header Files\imgui</Filter>
    </ClInclude>
    <ClInclude Include="..\..\..\..\..\OpenGL\lib\imgui\imstb_textedit.h">
      <Filter>Header Files\imgui</Filter>
    </ClInclude>
    <ClInclude Include="..\..\..\..\..\OpenGL\lib\imgui\imstb_truetype.h">
      <Filter>Header Files\imgui</Filter>
    </ClInclude>
    <ClInclude Include="..\..\..\..\..\OpenGL\lib\imgui\examples\imgui_impl_glfw.h">
      <Filter>Header Files\imgui</Filter>
    </ClInclude>
    <ClInclude Include="..\..\..\..\..\OpenGL\lib\imgui\examples\imgui_impl_opengl3.h">
      <Filter>Header Files\imgui</Filter>
    </ClInclude>
    <ClInclude Include="CameraController.h">
      <Filter>Header Files</Filter>
    </ClInclude>
    <ClInclude Include="Component.h">
      <Filter>Components</Filter>
    </ClInclude>
    <ClInclude Include="Object.h">
      <Filter>Header Files</Filter>
    </ClInclude>
    <ClInclude Include="DrawComponent.h">
      <Filter>Components</Filter>
    </ClInclude>
    <ClInclude Include="OceanComponent.h">
      <Filter>Components</Filter>
    </ClInclude>
    <ClInclude Include="CubeComponent.h">
      <Filter>Components</Filter>
    </ClInclude>
    <ClInclude Include="PhysicsComponent.h">
      <Filter>Components</Filter>
    </ClInclude>
    <ClInclude Include="ModelComponent.h">
      <Filter>Components</Filter>
    </ClInclude>
    <ClInclude Include="Texture.h">
      <Filter>Header Files</Filter>
    </ClInclude>
    <ClInclude Include="stb_image.h">
      <Filter>Header Files</Filter>
    </ClInclude>
    <ClInclude Include="TextureCache.h">
      <Filter>Header Files</Filter>
    </ClInclude>
    <ClInclude Include="MovementComponent.h">
      <Filter>Components</Filter>
    </ClInclude>
  </ItemGroup>
</Project>